version = 1
requires-python = ">=3.11"

[[package]]
name = "grpcio"
version = "1.70.0"
source = { registry = "https://pypi.org/simple" }
sdist = { url = "https://files.pythonhosted.org/packages/69/e1/4b21b5017c33f3600dcc32b802bb48fe44a4d36d6c066f52650c7c2690fa/grpcio-1.70.0.tar.gz", hash = "sha256:8d1584a68d5922330025881e63a6c1b54cc8117291d382e4fa69339b6d914c56", size = 12788932 }
wheels = [
    { url = "https://files.pythonhosted.org/packages/65/c4/1f67d23d6bcadd2fd61fb460e5969c52b3390b4a4e254b5e04a6d1009e5e/grpcio-1.70.0-cp311-cp311-linux_armv7l.whl", hash = "sha256:17325b0be0c068f35770f944124e8839ea3185d6d54862800fc28cc2ffad205a", size = 5229017 },
    { url = "https://files.pythonhosted.org/packages/e4/bd/cc36811c582d663a740fb45edf9f99ddbd99a10b6ba38267dc925e1e193a/grpcio-1.70.0-cp311-cp311-macosx_10_14_universal2.whl", hash = "sha256:dbe41ad140df911e796d4463168e33ef80a24f5d21ef4d1e310553fcd2c4a386", size = 11472027 },
    { url = "https://files.pythonhosted.org/packages/7e/32/8538bb2ace5cd72da7126d1c9804bf80b4fe3be70e53e2d55675c24961a8/grpcio-1.70.0-cp311-cp311-manylinux_2_17_aarch64.whl", hash = "sha256:5ea67c72101d687d44d9c56068328da39c9ccba634cabb336075fae2eab0d04b", size = 5707785 },
    { url = "https://files.pythonhosted.org/packages/ce/5c/a45f85f2a0dfe4a6429dee98717e0e8bd7bd3f604315493c39d9679ca065/grpcio-1.70.0-cp311-cp311-manylinux_2_17_i686.manylinux2014_i686.whl", hash = "sha256:cb5277db254ab7586769e490b7b22f4ddab3876c490da0a1a9d7c695ccf0bf77", size = 6331599 },
    { url = "https://files.pythonhosted.org/packages/9f/e5/5316b239380b8b2ad30373eb5bb25d9fd36c0375e94a98a0a60ea357d254/grpcio-1.70.0-cp311-cp311-manylinux_2_17_x86_64.manylinux2014_x86_64.whl", hash = "sha256:e7831a0fc1beeeb7759f737f5acd9fdcda520e955049512d68fda03d91186eea", size = 5940834 },
    { url = "https://files.pythonhosted.org/packages/05/33/dbf035bc6d167068b4a9f2929dfe0b03fb763f0f861ecb3bb1709a14cb65/grpcio-1.70.0-cp311-cp311-musllinux_1_1_i686.whl", hash = "sha256:27cc75e22c5dba1fbaf5a66c778e36ca9b8ce850bf58a9db887754593080d839", size = 6641191 },
    { url = "https://files.pythonhosted.org/packages/4c/c4/684d877517e5bfd6232d79107e5a1151b835e9f99051faef51fed3359ec4/grpcio-1.70.0-cp311-cp311-musllinux_1_1_x86_64.whl", hash = "sha256:d63764963412e22f0491d0d32833d71087288f4e24cbcddbae82476bfa1d81fd", size = 6198744 },
    { url = "https://files.pythonhosted.org/packages/e9/43/92fe5eeaf340650a7020cfb037402c7b9209e7a0f3011ea1626402219034/grpcio-1.70.0-cp311-cp311-win32.whl", hash = "sha256:bb491125103c800ec209d84c9b51f1c60ea456038e4734688004f377cfacc113", size = 3617111 },
    { url = "https://files.pythonhosted.org/packages/55/15/b6cf2c9515c028aff9da6984761a3ab484a472b0dc6435fcd07ced42127d/grpcio-1.70.0-cp311-cp311-win_amd64.whl", hash = "sha256:d24035d49e026353eb042bf7b058fb831db3e06d52bee75c5f2f3ab453e71aca", size = 4304604 },
    { url = "https://files.pythonhosted.org/packages/4c/a4/ddbda79dd176211b518f0f3795af78b38727a31ad32bc149d6a7b910a731/grpcio-1.70.0-cp312-cp312-linux_armv7l.whl", hash = "sha256:ef4c14508299b1406c32bdbb9fb7b47612ab979b04cf2b27686ea31882387cff", size = 5198135 },
    { url = "https://files.pythonhosted.org/packages/30/5c/60eb8a063ea4cb8d7670af8fac3f2033230fc4b75f62669d67c66ac4e4b0/grpcio-1.70.0-cp312-cp312-macosx_10_14_universal2.whl", hash = "sha256:aa47688a65643afd8b166928a1da6247d3f46a2784d301e48ca1cc394d2ffb40", size = 11447529 },
    { url = "https://files.pythonhosted.org/packages/fb/b9/1bf8ab66729f13b44e8f42c9de56417d3ee6ab2929591cfee78dce749b57/grpcio-1.70.0-cp312-cp312-manylinux_2_17_aarch64.whl", hash = "sha256:880bfb43b1bb8905701b926274eafce5c70a105bc6b99e25f62e98ad59cb278e", size = 5664484 },
    { url = "https://files.pythonhosted.org/packages/d1/06/2f377d6906289bee066d96e9bdb91e5e96d605d173df9bb9856095cccb57/grpcio-1.70.0-cp312-cp312-manylinux_2_17_i686.manylinux2014_i686.whl", hash = "sha256:9e654c4b17d07eab259d392e12b149c3a134ec52b11ecdc6a515b39aceeec898", size = 6303739 },
    { url = "https://files.pythonhosted.org/packages/ae/50/64c94cfc4db8d9ed07da71427a936b5a2bd2b27c66269b42fbda82c7c7a4/grpcio-1.70.0-cp312-cp312-manylinux_2_17_x86_64.manylinux2014_x86_64.whl", hash = "sha256:2394e3381071045a706ee2eeb6e08962dd87e8999b90ac15c55f56fa5a8c9597", size = 5910417 },
    { url = "https://files.pythonhosted.org/packages/53/89/8795dfc3db4389c15554eb1765e14cba8b4c88cc80ff828d02f5572965af/grpcio-1.70.0-cp312-cp312-musllinux_1_1_i686.whl", hash = "sha256:b3c76701428d2df01964bc6479422f20e62fcbc0a37d82ebd58050b86926ef8c", size = 6626797 },
    { url = "https://files.pythonhosted.org/packages/9c/b2/6a97ac91042a2c59d18244c479ee3894e7fb6f8c3a90619bb5a7757fa30c/grpcio-1.70.0-cp312-cp312-musllinux_1_1_x86_64.whl", hash = "sha256:ac073fe1c4cd856ebcf49e9ed6240f4f84d7a4e6ee95baa5d66ea05d3dd0df7f", size = 6190055 },
    { url = "https://files.pythonhosted.org/packages/86/2b/28db55c8c4d156053a8c6f4683e559cd0a6636f55a860f87afba1ac49a51/grpcio-1.70.0-cp312-cp312-win32.whl", hash = "sha256:cd24d2d9d380fbbee7a5ac86afe9787813f285e684b0271599f95a51bce33528", size = 3600214 },
    { url = "https://files.pythonhosted.org/packages/17/c3/a7a225645a965029ed432e5b5e9ed959a574e62100afab553eef58be0e37/grpcio-1.70.0-cp312-cp312-win_amd64.whl", hash = "sha256:0495c86a55a04a874c7627fd33e5beaee771917d92c0e6d9d797628ac40e7655", size = 4292538 },
    { url = "https://files.pythonhosted.org/packages/68/38/66d0f32f88feaf7d83f8559cd87d899c970f91b1b8a8819b58226de0a496/grpcio-1.70.0-cp313-cp313-linux_armv7l.whl", hash = "sha256:aa573896aeb7d7ce10b1fa425ba263e8dddd83d71530d1322fd3a16f31257b4a", size = 5199218 },
    { url = "https://files.pythonhosted.org/packages/c1/96/947df763a0b18efb5cc6c2ae348e56d97ca520dc5300c01617b234410173/grpcio-1.70.0-cp313-cp313-macosx_10_14_universal2.whl", hash = "sha256:d405b005018fd516c9ac529f4b4122342f60ec1cee181788249372524e6db429", size = 11445983 },
    { url = "https://files.pythonhosted.org/packages/fd/5b/f3d4b063e51b2454bedb828e41f3485800889a3609c49e60f2296cc8b8e5/grpcio-1.70.0-cp313-cp313-manylinux_2_17_aarch64.whl", hash = "sha256:f32090238b720eb585248654db8e3afc87b48d26ac423c8dde8334a232ff53c9", size = 5663954 },
    { url = "https://files.pythonhosted.org/packages/bd/0b/dab54365fcedf63e9f358c1431885478e77d6f190d65668936b12dd38057/grpcio-1.70.0-cp313-cp313-manylinux_2_17_i686.manylinux2014_i686.whl", hash = "sha256:dfa089a734f24ee5f6880c83d043e4f46bf812fcea5181dcb3a572db1e79e01c", size = 6304323 },
    { url = "https://files.pythonhosted.org/packages/76/a8/8f965a7171ddd336ce32946e22954aa1bbc6f23f095e15dadaa70604ba20/grpcio-1.70.0-cp313-cp313-manylinux_2_17_x86_64.manylinux2014_x86_64.whl", hash = "sha256:f19375f0300b96c0117aca118d400e76fede6db6e91f3c34b7b035822e06c35f", size = 5910939 },
    { url = "https://files.pythonhosted.org/packages/1b/05/0bbf68be8b17d1ed6f178435a3c0c12e665a1e6054470a64ce3cb7896596/grpcio-1.70.0-cp313-cp313-musllinux_1_1_i686.whl", hash = "sha256:7c73c42102e4a5ec76608d9b60227d917cea46dff4d11d372f64cbeb56d259d0", size = 6631405 },
    { url = "https://files.pythonhosted.org/packages/79/6a/5df64b6df405a1ed1482cb6c10044b06ec47fd28e87c2232dbcf435ecb33/grpcio-1.70.0-cp313-cp313-musllinux_1_1_x86_64.whl", hash = "sha256:0a5c78d5198a1f0aa60006cd6eb1c912b4a1520b6a3968e677dbcba215fabb40", size = 6190982 },
    { url = "https://files.pythonhosted.org/packages/42/aa/aeaac87737e6d25d1048c53b8ec408c056d3ed0c922e7c5efad65384250c/grpcio-1.70.0-cp313-cp313-win32.whl", hash = "sha256:fe9dbd916df3b60e865258a8c72ac98f3ac9e2a9542dcb72b7a34d236242a5ce", size = 3598359 },
    { url = "https://files.pythonhosted.org/packages/1f/79/8edd2442d2de1431b4a3de84ef91c37002f12de0f9b577fb07b452989dbc/grpcio-1.70.0-cp313-cp313-win_amd64.whl", hash = "sha256:4119fed8abb7ff6c32e3d2255301e59c316c22d31ab812b3fbcbaf3d0d87cc68", size = 4293938 },
]

[[package]]
name = "mypy"
version = "1.15.0"
source = { registry = "https://pypi.org/simple" }
dependencies = [
    { name = "mypy-extensions" },
    { name = "typing-extensions" },
]
sdist = { url = "https://files.pythonhosted.org/packages/ce/43/d5e49a86afa64bd3839ea0d5b9c7103487007d728e1293f52525d6d5486a/mypy-1.15.0.tar.gz", hash = "sha256:404534629d51d3efea5c800ee7c42b72a6554d6c400e6a79eafe15d11341fd43", size = 3239717 }
wheels = [
    { url = "https://files.pythonhosted.org/packages/03/bc/f6339726c627bd7ca1ce0fa56c9ae2d0144604a319e0e339bdadafbbb599/mypy-1.15.0-cp311-cp311-macosx_10_9_x86_64.whl", hash = "sha256:2922d42e16d6de288022e5ca321cd0618b238cfc5570e0263e5ba0a77dbef56f", size = 10662338 },
    { url = "https://files.pythonhosted.org/packages/e2/90/8dcf506ca1a09b0d17555cc00cd69aee402c203911410136cd716559efe7/mypy-1.15.0-cp311-cp311-macosx_11_0_arm64.whl", hash = "sha256:2ee2d57e01a7c35de00f4634ba1bbf015185b219e4dc5909e281016df43f5ee5", size = 9787540 },
    { url = "https://files.pythonhosted.org/packages/05/05/a10f9479681e5da09ef2f9426f650d7b550d4bafbef683b69aad1ba87457/mypy-1.15.0-cp311-cp311-manylinux_2_17_aarch64.manylinux2014_aarch64.manylinux_2_28_aarch64.whl", hash = "sha256:973500e0774b85d9689715feeffcc980193086551110fd678ebe1f4342fb7c5e", size = 11538051 },
    { url = "https://files.pythonhosted.org/packages/e9/9a/1f7d18b30edd57441a6411fcbc0c6869448d1a4bacbaee60656ac0fc29c8/mypy-1.15.0-cp311-cp311-manylinux_2_17_x86_64.manylinux2014_x86_64.manylinux_2_28_x86_64.whl", hash = "sha256:5a95fb17c13e29d2d5195869262f8125dfdb5c134dc8d9a9d0aecf7525b10c2c", size = 12286751 },
    { url = "https://files.pythonhosted.org/packages/72/af/19ff499b6f1dafcaf56f9881f7a965ac2f474f69f6f618b5175b044299f5/mypy-1.15.0-cp311-cp311-musllinux_1_2_x86_64.whl", hash = "sha256:1905f494bfd7d85a23a88c5d97840888a7bd516545fc5aaedff0267e0bb54e2f", size = 12421783 },
    { url = "https://files.pythonhosted.org/packages/96/39/11b57431a1f686c1aed54bf794870efe0f6aeca11aca281a0bd87a5ad42c/mypy-1.15.0-cp311-cp311-win_amd64.whl", hash = "sha256:c9817fa23833ff189db061e6d2eff49b2f3b6ed9856b4a0a73046e41932d744f", size = 9265618 },
    { url = "https://files.pythonhosted.org/packages/98/3a/03c74331c5eb8bd025734e04c9840532226775c47a2c39b56a0c8d4f128d/mypy-1.15.0-cp312-cp312-macosx_10_13_x86_64.whl", hash = "sha256:aea39e0583d05124836ea645f412e88a5c7d0fd77a6d694b60d9b6b2d9f184fd", size = 10793981 },
    { url = "https://files.pythonhosted.org/packages/f0/1a/41759b18f2cfd568848a37c89030aeb03534411eef981df621d8fad08a1d/mypy-1.15.0-cp312-cp312-macosx_11_0_arm64.whl", hash = "sha256:2f2147ab812b75e5b5499b01ade1f4a81489a147c01585cda36019102538615f", size = 9749175 },
    { url = "https://files.pythonhosted.org/packages/12/7e/873481abf1ef112c582db832740f4c11b2bfa510e829d6da29b0ab8c3f9c/mypy-1.15.0-cp312-cp312-manylinux_2_17_aarch64.manylinux2014_aarch64.manylinux_2_28_aarch64.whl", hash = "sha256:ce436f4c6d218a070048ed6a44c0bbb10cd2cc5e272b29e7845f6a2f57ee4464", size = 11455675 },
    { url = "https://files.pythonhosted.org/packages/b3/d0/92ae4cde706923a2d3f2d6c39629134063ff64b9dedca9c1388363da072d/mypy-1.15.0-cp312-cp312-manylinux_2_17_x86_64.manylinux2014_x86_64.manylinux_2_28_x86_64.whl", hash = "sha256:8023ff13985661b50a5928fc7a5ca15f3d1affb41e5f0a9952cb68ef090b31ee", size = 12410020 },
    { url = "https://files.pythonhosted.org/packages/46/8b/df49974b337cce35f828ba6fda228152d6db45fed4c86ba56ffe442434fd/mypy-1.15.0-cp312-cp312-musllinux_1_2_x86_64.whl", hash = "sha256:1124a18bc11a6a62887e3e137f37f53fbae476dc36c185d549d4f837a2a6a14e", size = 12498582 },
    { url = "https://files.pythonhosted.org/packages/13/50/da5203fcf6c53044a0b699939f31075c45ae8a4cadf538a9069b165c1050/mypy-1.15.0-cp312-cp312-win_amd64.whl", hash = "sha256:171a9ca9a40cd1843abeca0e405bc1940cd9b305eaeea2dda769ba096932bb22", size = 9366614 },
    { url = "https://files.pythonhosted.org/packages/6a/9b/fd2e05d6ffff24d912f150b87db9e364fa8282045c875654ce7e32fffa66/mypy-1.15.0-cp313-cp313-macosx_10_13_x86_64.whl", hash = "sha256:93faf3fdb04768d44bf28693293f3904bbb555d076b781ad2530214ee53e3445", size = 10788592 },
    { url = "https://files.pythonhosted.org/packages/74/37/b246d711c28a03ead1fd906bbc7106659aed7c089d55fe40dd58db812628/mypy-1.15.0-cp313-cp313-macosx_11_0_arm64.whl", hash = "sha256:811aeccadfb730024c5d3e326b2fbe9249bb7413553f15499a4050f7c30e801d", size = 9753611 },
    { url = "https://files.pythonhosted.org/packages/a6/ac/395808a92e10cfdac8003c3de9a2ab6dc7cde6c0d2a4df3df1b815ffd067/mypy-1.15.0-cp313-cp313-manylinux_2_17_aarch64.manylinux2014_aarch64.manylinux_2_28_aarch64.whl", hash = "sha256:98b7b9b9aedb65fe628c62a6dc57f6d5088ef2dfca37903a7d9ee374d03acca5", size = 11438443 },
    { url = "https://files.pythonhosted.org/packages/d2/8b/801aa06445d2de3895f59e476f38f3f8d610ef5d6908245f07d002676cbf/mypy-1.15.0-cp313-cp313-manylinux_2_17_x86_64.manylinux2014_x86_64.manylinux_2_28_x86_64.whl", hash = "sha256:c43a7682e24b4f576d93072216bf56eeff70d9140241f9edec0c104d0c515036", size = 12402541 },
    { url = "https://files.pythonhosted.org/packages/c7/67/5a4268782eb77344cc613a4cf23540928e41f018a9a1ec4c6882baf20ab8/mypy-1.15.0-cp313-cp313-musllinux_1_2_x86_64.whl", hash = "sha256:baefc32840a9f00babd83251560e0ae1573e2f9d1b067719479bfb0e987c6357", size = 12494348 },
    { url = "https://files.pythonhosted.org/packages/83/3e/57bb447f7bbbfaabf1712d96f9df142624a386d98fb026a761532526057e/mypy-1.15.0-cp313-cp313-win_amd64.whl", hash = "sha256:b9378e2c00146c44793c98b8d5a61039a048e31f429fb0eb546d93f4b000bedf", size = 9373648 },
    { url = "https://files.pythonhosted.org/packages/09/4e/a7d65c7322c510de2c409ff3828b03354a7c43f5a8ed458a7a131b41c7b9/mypy-1.15.0-py3-none-any.whl", hash = "sha256:5469affef548bd1895d86d3bf10ce2b44e33d86923c29e4d675b3e323437ea3e", size = 2221777 },
]

[[package]]
name = "mypy-extensions"
version = "1.0.0"
source = { registry = "https://pypi.org/simple" }
sdist = { url = "https://files.pythonhosted.org/packages/98/a4/1ab47638b92648243faf97a5aeb6ea83059cc3624972ab6b8d2316078d3f/mypy_extensions-1.0.0.tar.gz", hash = "sha256:75dbf8955dc00442a438fc4d0666508a9a97b6bd41aa2f0ffe9d2f2725af0782", size = 4433 }
wheels = [
    { url = "https://files.pythonhosted.org/packages/2a/e2/5d3f6ada4297caebe1a2add3b126fe800c96f56dbe5d1988a2cbe0b267aa/mypy_extensions-1.0.0-py3-none-any.whl", hash = "sha256:4392f6c0eb8a5668a69e23d168ffa70f0be9ccfd32b5cc2d26a34ae5b844552d", size = 4695 },
]

[[package]]
name = "numpy"
version = "2.2.2"
source = { registry = "https://pypi.org/simple" }
sdist = { url = "https://files.pythonhosted.org/packages/ec/d0/c12ddfd3a02274be06ffc71f3efc6d0e457b0409c4481596881e748cb264/numpy-2.2.2.tar.gz", hash = "sha256:ed6906f61834d687738d25988ae117683705636936cc605be0bb208b23df4d8f", size = 20233295 }
wheels = [
    { url = "https://files.pythonhosted.org/packages/21/67/32c68756eed84df181c06528ff57e09138f893c4653448c4967311e0f992/numpy-2.2.2-cp311-cp311-macosx_10_9_x86_64.whl", hash = "sha256:642199e98af1bd2b6aeb8ecf726972d238c9877b0f6e8221ee5ab945ec8a2189", size = 21220002 },
    { url = "https://files.pythonhosted.org/packages/3b/89/f43bcad18f2b2e5814457b1c7f7b0e671d0db12c8c0e43397ab8cb1831ed/numpy-2.2.2-cp311-cp311-macosx_11_0_arm64.whl", hash = "sha256:6d9fc9d812c81e6168b6d405bf00b8d6739a7f72ef22a9214c4241e0dc70b323", size = 14391215 },
    { url = "https://files.pythonhosted.org/packages/9c/e6/efb8cd6122bf25e86e3dd89d9dbfec9e6861c50e8810eed77d4be59b51c6/numpy-2.2.2-cp311-cp311-macosx_14_0_arm64.whl", hash = "sha256:c7d1fd447e33ee20c1f33f2c8e6634211124a9aabde3c617687d8b739aa69eac", size = 5391918 },
    { url = "https://files.pythonhosted.org/packages/47/e2/fccf89d64d9b47ffb242823d4e851fc9d36fa751908c9aac2807924d9b4e/numpy-2.2.2-cp311-cp311-macosx_14_0_x86_64.whl", hash = "sha256:451e854cfae0febe723077bd0cf0a4302a5d84ff25f0bfece8f29206c7bed02e", size = 6933133 },
    { url = "https://files.pythonhosted.org/packages/34/22/5ece749c0e5420a9380eef6fbf83d16a50010bd18fef77b9193d80a6760e/numpy-2.2.2-cp311-cp311-manylinux_2_17_aarch64.manylinux2014_aarch64.whl", hash = "sha256:bd249bc894af67cbd8bad2c22e7cbcd46cf87ddfca1f1289d1e7e54868cc785c", size = 14338187 },
    { url = "https://files.pythonhosted.org/packages/5b/86/caec78829311f62afa6fa334c8dfcd79cffb4d24bcf96ee02ae4840d462b/numpy-2.2.2-cp311-cp311-manylinux_2_17_x86_64.manylinux2014_x86_64.whl", hash = "sha256:02935e2c3c0c6cbe9c7955a8efa8908dd4221d7755644c59d1bba28b94fd334f", size = 16393429 },
    { url = "https://files.pythonhosted.org/packages/c8/4e/0c25f74c88239a37924577d6ad780f3212a50f4b4b5f54f5e8c918d726bd/numpy-2.2.2-cp311-cp311-musllinux_1_2_aarch64.whl", hash = "sha256:a972cec723e0563aa0823ee2ab1df0cb196ed0778f173b381c871a03719d4826", size = 15559103 },
    { url = "https://files.pythonhosted.org/packages/d4/bd/d557f10fa50dc4d5871fb9606af563249b66af2fc6f99041a10e8757c6f1/numpy-2.2.2-cp311-cp311-musllinux_1_2_x86_64.whl", hash = "sha256:d6d6a0910c3b4368d89dde073e630882cdb266755565155bc33520283b2d9df8", size = 18182967 },
    { url = "https://files.pythonhosted.org/packages/30/e9/66cc0f66386d78ed89e45a56e2a1d051e177b6e04477c4a41cd590ef4017/numpy-2.2.2-cp311-cp311-win32.whl", hash = "sha256:860fd59990c37c3ef913c3ae390b3929d005243acca1a86facb0773e2d8d9e50", size = 6571499 },
    { url = "https://files.pythonhosted.org/packages/66/a3/4139296b481ae7304a43581046b8f0a20da6a0dfe0ee47a044cade796603/numpy-2.2.2-cp311-cp311-win_amd64.whl", hash = "sha256:da1eeb460ecce8d5b8608826595c777728cdf28ce7b5a5a8c8ac8d949beadcf2", size = 12919805 },
    { url = "https://files.pythonhosted.org/packages/0c/e6/847d15770ab7a01e807bdfcd4ead5bdae57c0092b7dc83878171b6af97bb/numpy-2.2.2-cp312-cp312-macosx_10_13_x86_64.whl", hash = "sha256:ac9bea18d6d58a995fac1b2cb4488e17eceeac413af014b1dd26170b766d8467", size = 20912636 },
    { url = "https://files.pythonhosted.org/packages/d1/af/f83580891577b13bd7e261416120e036d0d8fb508c8a43a73e38928b794b/numpy-2.2.2-cp312-cp312-macosx_11_0_arm64.whl", hash = "sha256:23ae9f0c2d889b7b2d88a3791f6c09e2ef827c2446f1c4a3e3e76328ee4afd9a", size = 14098403 },
    { url = "https://files.pythonhosted.org/packages/2b/86/d019fb60a9d0f1d4cf04b014fe88a9135090adfadcc31c1fadbb071d7fa7/numpy-2.2.2-cp312-cp312-macosx_14_0_arm64.whl", hash = "sha256:3074634ea4d6df66be04f6728ee1d173cfded75d002c75fac79503a880bf3825", size = 5128938 },
    { url = "https://files.pythonhosted.org/packages/7a/1b/50985edb6f1ec495a1c36452e860476f5b7ecdc3fc59ea89ccad3c4926c5/numpy-2.2.2-cp312-cp312-macosx_14_0_x86_64.whl", hash = "sha256:8ec0636d3f7d68520afc6ac2dc4b8341ddb725039de042faf0e311599f54eb37", size = 6661937 },
    { url = "https://files.pythonhosted.org/packages/f4/1b/17efd94cad1b9d605c3f8907fb06bcffc4ce4d1d14d46b95316cccccf2b9/numpy-2.2.2-cp312-cp312-manylinux_2_17_aarch64.manylinux2014_aarch64.whl", hash = "sha256:2ffbb1acd69fdf8e89dd60ef6182ca90a743620957afb7066385a7bbe88dc748", size = 14049518 },
    { url = "https://files.pythonhosted.org/packages/5b/73/65d2f0b698df1731e851e3295eb29a5ab8aa06f763f7e4188647a809578d/numpy-2.2.2-cp312-cp312-manylinux_2_17_x86_64.manylinux2014_x86_64.whl", hash = "sha256:0349b025e15ea9d05c3d63f9657707a4e1d471128a3b1d876c095f328f8ff7f0", size = 16099146 },
    { url = "https://files.pythonhosted.org/packages/d5/69/308f55c0e19d4b5057b5df286c5433822e3c8039ede06d4051d96f1c2c4e/numpy-2.2.2-cp312-cp312-musllinux_1_2_aarch64.whl", hash = "sha256:463247edcee4a5537841d5350bc87fe8e92d7dd0e8c71c995d2c6eecb8208278", size = 15246336 },
    { url = "https://files.pythonhosted.org/packages/f0/d8/d8d333ad0d8518d077a21aeea7b7c826eff766a2b1ce1194dea95ca0bacf/numpy-2.2.2-cp312-cp312-musllinux_1_2_x86_64.whl", hash = "sha256:9dd47ff0cb2a656ad69c38da850df3454da88ee9a6fde0ba79acceee0e79daba", size = 17863507 },
    { url = "https://files.pythonhosted.org/packages/82/6e/0b84ad3103ffc16d6673e63b5acbe7901b2af96c2837174c6318c98e27ab/numpy-2.2.2-cp312-cp312-win32.whl", hash = "sha256:4525b88c11906d5ab1b0ec1f290996c0020dd318af8b49acaa46f198b1ffc283", size = 6276491 },
    { url = "https://files.pythonhosted.org/packages/fc/84/7f801a42a67b9772a883223a0a1e12069a14626c81a732bd70aac57aebc1/numpy-2.2.2-cp312-cp312-win_amd64.whl", hash = "sha256:5acea83b801e98541619af398cc0109ff48016955cc0818f478ee9ef1c5c3dcb", size = 12616372 },
    { url = "https://files.pythonhosted.org/packages/e1/fe/df5624001f4f5c3e0b78e9017bfab7fdc18a8d3b3d3161da3d64924dd659/numpy-2.2.2-cp313-cp313-macosx_10_13_x86_64.whl", hash = "sha256:b208cfd4f5fe34e1535c08983a1a6803fdbc7a1e86cf13dd0c61de0b51a0aadc", size = 20899188 },
    { url = "https://files.pythonhosted.org/packages/a9/80/d349c3b5ed66bd3cb0214be60c27e32b90a506946857b866838adbe84040/numpy-2.2.2-cp313-cp313-macosx_11_0_arm64.whl", hash = "sha256:d0bbe7dd86dca64854f4b6ce2ea5c60b51e36dfd597300057cf473d3615f2369", size = 14113972 },
    { url = "https://files.pythonhosted.org/packages/9d/50/949ec9cbb28c4b751edfa64503f0913cbfa8d795b4a251e7980f13a8a655/numpy-2.2.2-cp313-cp313-macosx_14_0_arm64.whl", hash = "sha256:22ea3bb552ade325530e72a0c557cdf2dea8914d3a5e1fecf58fa5dbcc6f43cd", size = 5114294 },
    { url = "https://files.pythonhosted.org/packages/8d/f3/399c15629d5a0c68ef2aa7621d430b2be22034f01dd7f3c65a9c9666c445/numpy-2.2.2-cp313-cp313-macosx_14_0_x86_64.whl", hash = "sha256:128c41c085cab8a85dc29e66ed88c05613dccf6bc28b3866cd16050a2f5448be", size = 6648426 },
    { url = "https://files.pythonhosted.org/packages/2c/03/c72474c13772e30e1bc2e558cdffd9123c7872b731263d5648b5c49dd459/numpy-2.2.2-cp313-cp313-manylinux_2_17_aarch64.manylinux2014_aarch64.whl", hash = "sha256:250c16b277e3b809ac20d1f590716597481061b514223c7badb7a0f9993c7f84", size = 14045990 },
    { url = "https://files.pythonhosted.org/packages/83/9c/96a9ab62274ffafb023f8ee08c88d3d31ee74ca58869f859db6845494fa6/numpy-2.2.2-cp313-cp313-manylinux_2_17_x86_64.manylinux2014_x86_64.whl", hash = "sha256:e0c8854b09bc4de7b041148d8550d3bd712b5c21ff6a8ed308085f190235d7ff", size = 16096614 },
    { url = "https://files.pythonhosted.org/packages/d5/34/cd0a735534c29bec7093544b3a509febc9b0df77718a9b41ffb0809c9f46/numpy-2.2.2-cp313-cp313-musllinux_1_2_aarch64.whl", hash = "sha256:b6fb9c32a91ec32a689ec6410def76443e3c750e7cfc3fb2206b985ffb2b85f0", size = 15242123 },
    { url = "https://files.pythonhosted.org/packages/5e/6d/541717a554a8f56fa75e91886d9b79ade2e595918690eb5d0d3dbd3accb9/numpy-2.2.2-cp313-cp313-musllinux_1_2_x86_64.whl", hash = "sha256:57b4012e04cc12b78590a334907e01b3a85efb2107df2b8733ff1ed05fce71de", size = 17859160 },
    { url = "https://files.pythonhosted.org/packages/b9/a5/fbf1f2b54adab31510728edd06a05c1b30839f37cf8c9747cb85831aaf1b/numpy-2.2.2-cp313-cp313-win32.whl", hash = "sha256:4dbd80e453bd34bd003b16bd802fac70ad76bd463f81f0c518d1245b1c55e3d9", size = 6273337 },
    { url = "https://files.pythonhosted.org/packages/56/e5/01106b9291ef1d680f82bc47d0c5b5e26dfed15b0754928e8f856c82c881/numpy-2.2.2-cp313-cp313-win_amd64.whl", hash = "sha256:5a8c863ceacae696aff37d1fd636121f1a512117652e5dfb86031c8d84836369", size = 12609010 },
    { url = "https://files.pythonhosted.org/packages/9f/30/f23d9876de0f08dceb707c4dcf7f8dd7588266745029debb12a3cdd40be6/numpy-2.2.2-cp313-cp313t-macosx_10_13_x86_64.whl", hash = "sha256:b3482cb7b3325faa5f6bc179649406058253d91ceda359c104dac0ad320e1391", size = 20924451 },
    { url = "https://files.pythonhosted.org/packages/6a/ec/6ea85b2da9d5dfa1dbb4cb3c76587fc8ddcae580cb1262303ab21c0926c4/numpy-2.2.2-cp313-cp313t-macosx_11_0_arm64.whl", hash = "sha256:9491100aba630910489c1d0158034e1c9a6546f0b1340f716d522dc103788e39", size = 14122390 },
    { url = "https://files.pythonhosted.org/packages/68/05/bfbdf490414a7dbaf65b10c78bc243f312c4553234b6d91c94eb7c4b53c2/numpy-2.2.2-cp313-cp313t-macosx_14_0_arm64.whl", hash = "sha256:41184c416143defa34cc8eb9d070b0a5ba4f13a0fa96a709e20584638254b317", size = 5156590 },
    { url = "https://files.pythonhosted.org/packages/f7/ec/fe2e91b2642b9d6544518388a441bcd65c904cea38d9ff998e2e8ebf808e/numpy-2.2.2-cp313-cp313t-macosx_14_0_x86_64.whl", hash = "sha256:7dca87ca328f5ea7dafc907c5ec100d187911f94825f8700caac0b3f4c384b49", size = 6671958 },
    { url = "https://files.pythonhosted.org/packages/b1/6f/6531a78e182f194d33ee17e59d67d03d0d5a1ce7f6be7343787828d1bd4a/numpy-2.2.2-cp313-cp313t-manylinux_2_17_aarch64.manylinux2014_aarch64.whl", hash = "sha256:0bc61b307655d1a7f9f4b043628b9f2b721e80839914ede634e3d485913e1fb2", size = 14019950 },
    { url = "https://files.pythonhosted.org/packages/e1/fb/13c58591d0b6294a08cc40fcc6b9552d239d773d520858ae27f39997f2ae/numpy-2.2.2-cp313-cp313t-manylinux_2_17_x86_64.manylinux2014_x86_64.whl", hash = "sha256:9fad446ad0bc886855ddf5909cbf8cb5d0faa637aaa6277fb4b19ade134ab3c7", size = 16079759 },
    { url = "https://files.pythonhosted.org/packages/2c/f2/f2f8edd62abb4b289f65a7f6d1f3650273af00b91b7267a2431be7f1aec6/numpy-2.2.2-cp313-cp313t-musllinux_1_2_aarch64.whl", hash = "sha256:149d1113ac15005652e8d0d3f6fd599360e1a708a4f98e43c9c77834a28238cb", size = 15226139 },
    { url = "https://files.pythonhosted.org/packages/aa/29/14a177f1a90b8ad8a592ca32124ac06af5eff32889874e53a308f850290f/numpy-2.2.2-cp313-cp313t-musllinux_1_2_x86_64.whl", hash = "sha256:106397dbbb1896f99e044efc90360d098b3335060375c26aa89c0d8a97c5f648", size = 17856316 },
    { url = "https://files.pythonhosted.org/packages/95/03/242ae8d7b97f4e0e4ab8dd51231465fb23ed5e802680d629149722e3faf1/numpy-2.2.2-cp313-cp313t-win32.whl", hash = "sha256:0eec19f8af947a61e968d5429f0bd92fec46d92b0008d0a6685b40d6adf8a4f4", size = 6329134 },
    { url = "https://files.pythonhosted.org/packages/80/94/cd9e9b04012c015cb6320ab3bf43bc615e248dddfeb163728e800a5d96f0/numpy-2.2.2-cp313-cp313t-win_amd64.whl", hash = "sha256:97b974d3ba0fb4612b77ed35d7627490e8e3dff56ab41454d9e8b23448940576", size = 12696208 },
]

[[package]]
name = "protobuf"
version = "5.29.3"
source = { registry = "https://pypi.org/simple" }
sdist = { url = "https://files.pythonhosted.org/packages/f7/d1/e0a911544ca9993e0f17ce6d3cc0932752356c1b0a834397f28e63479344/protobuf-5.29.3.tar.gz", hash = "sha256:5da0f41edaf117bde316404bad1a486cb4ededf8e4a54891296f648e8e076620", size = 424945 }
wheels = [
    { url = "https://files.pythonhosted.org/packages/dc/7a/1e38f3cafa022f477ca0f57a1f49962f21ad25850c3ca0acd3b9d0091518/protobuf-5.29.3-cp310-abi3-win32.whl", hash = "sha256:3ea51771449e1035f26069c4c7fd51fba990d07bc55ba80701c78f886bf9c888", size = 422708 },
    { url = "https://files.pythonhosted.org/packages/61/fa/aae8e10512b83de633f2646506a6d835b151edf4b30d18d73afd01447253/protobuf-5.29.3-cp310-abi3-win_amd64.whl", hash = "sha256:a4fa6f80816a9a0678429e84973f2f98cbc218cca434abe8db2ad0bffc98503a", size = 434508 },
    { url = "https://files.pythonhosted.org/packages/dd/04/3eaedc2ba17a088961d0e3bd396eac764450f431621b58a04ce898acd126/protobuf-5.29.3-cp38-abi3-macosx_10_9_universal2.whl", hash = "sha256:a8434404bbf139aa9e1300dbf989667a83d42ddda9153d8ab76e0d5dcaca484e", size = 417825 },
    { url = "https://files.pythonhosted.org/packages/4f/06/7c467744d23c3979ce250397e26d8ad8eeb2bea7b18ca12ad58313c1b8d5/protobuf-5.29.3-cp38-abi3-manylinux2014_aarch64.whl", hash = "sha256:daaf63f70f25e8689c072cfad4334ca0ac1d1e05a92fc15c54eb9cf23c3efd84", size = 319573 },
    { url = "https://files.pythonhosted.org/packages/a8/45/2ebbde52ad2be18d3675b6bee50e68cd73c9e0654de77d595540b5129df8/protobuf-5.29.3-cp38-abi3-manylinux2014_x86_64.whl", hash = "sha256:c027e08a08be10b67c06bf2370b99c811c466398c357e615ca88c91c07f0910f", size = 319672 },
    { url = "https://files.pythonhosted.org/packages/fd/b2/ab07b09e0f6d143dfb839693aa05765257bceaa13d03bf1a696b78323e7a/protobuf-5.29.3-py3-none-any.whl", hash = "sha256:0a18ed4a24198528f2333802eb075e59dea9d679ab7a6c5efb017a59004d849f", size = 172550 },
]

[[package]]
name = "pycairo"
version = "1.27.0"
source = { registry = "https://pypi.org/simple" }
sdist = { url = "https://files.pythonhosted.org/packages/07/4a/42b26390181a7517718600fa7d98b951da20be982a50cd4afb3d46c2e603/pycairo-1.27.0.tar.gz", hash = "sha256:5cb21e7a00a2afcafea7f14390235be33497a2cce53a98a19389492a60628430", size = 661450 }
wheels = [
    { url = "https://files.pythonhosted.org/packages/3b/4b/d7887904e10673ff8d99aaa2e63f82b245441261ea29136254576ac1c730/pycairo-1.27.0-cp311-cp311-win32.whl", hash = "sha256:9a9b79f92a434dae65c34c830bb9abdbd92654195e73d52663cbe45af1ad14b2", size = 749772 },
    { url = "https://files.pythonhosted.org/packages/90/d2/ae7c781ceaac315e7c80381f83dc779a591bde6892e3498c7b5f42ec6cb8/pycairo-1.27.0-cp311-cp311-win_amd64.whl", hash = "sha256:d40a6d80b15dacb3672dc454df4bc4ab3988c6b3f36353b24a255dc59a1c8aea", size = 844101 },
    { url = "https://files.pythonhosted.org/packages/1c/65/7664fe3d9928572b7804c651a99cfd6113338eee7436d5b25401c9382619/pycairo-1.27.0-cp312-cp312-win32.whl", hash = "sha256:e2239b9bb6c05edae5f3be97128e85147a155465e644f4d98ea0ceac7afc04ee", size = 750005 },
    { url = "https://files.pythonhosted.org/packages/f4/bd/114597b9f79fbdb4eb0a4bf4aa54e70246d87f512a880e66a85c1e2ff407/pycairo-1.27.0-cp312-cp312-win_amd64.whl", hash = "sha256:27cb4d3a80e3b9990af552818515a8e466e0317063a6e61585533f1a86f1b7d5", size = 844100 },
    { url = "https://files.pythonhosted.org/packages/93/76/35d2feef50584cb00d2b4d2215337b0bc765508f8856735a41bfedcb4699/pycairo-1.27.0-cp313-cp313-win32.whl", hash = "sha256:01505c138a313df2469f812405963532fc2511fb9bca9bdc8e0ab94c55d1ced8", size = 750001 },
    { url = "https://files.pythonhosted.org/packages/9c/e7/92d6e57deee53229bb8b3f7df6d02c503585be7bdd69cb9e54f34aab089b/pycairo-1.27.0-cp313-cp313-win_amd64.whl", hash = "sha256:b0349d744c068b6644ae23da6ada111c8a8a7e323b56cbce3707cba5bdb474cc", size = 844102 },
]

[[package]]
name = "pygobject"
version = "3.50.0"
source = { registry = "https://pypi.org/simple" }
dependencies = [
    { name = "pycairo" },
]
sdist = { url = "https://files.pythonhosted.org/packages/2b/58/d34e67a79631177e3c08e7d02b5165147f590171f2cae6769502af5f7f7e/pygobject-3.50.0.tar.gz", hash = "sha256:4500ad3dbf331773d8dedf7212544c999a76fc96b63a91b3dcac1e5925a1d103", size = 1080367 }

[[package]]
name = "types-protobuf"
version = "5.29.1.20250208"
source = { registry = "https://pypi.org/simple" }
sdist = { url = "https://files.pythonhosted.org/packages/ff/75/8effaebae86ae9e489d4d453b30c6da728e8a9267a261418d476c5c2fbe6/types_protobuf-5.29.1.20250208.tar.gz", hash = "sha256:c1acd6a59ab554dbe09b5d1fa7dd701e2fcfb2212937a3af1c03b736060b792a", size = 59330 }
wheels = [
    { url = "https://files.pythonhosted.org/packages/96/e9/095c36efdc9dbb1df75ce42f37c0de6a6879aad937a08f0b97942b7c5968/types_protobuf-5.29.1.20250208-py3-none-any.whl", hash = "sha256:c5f8bfb4afdc1b5cbca1848f2c8b361a2090add7401f410b22b599ef647bf483", size = 73925 },
]

[[package]]
name = "typing-extensions"
version = "4.12.2"
source = { registry = "https://pypi.org/simple" }
sdist = { url = "https://files.pythonhosted.org/packages/df/db/f35a00659bc03fec321ba8bce9420de607a1d37f8342eee1863174c69557/typing_extensions-4.12.2.tar.gz", hash = "sha256:1a7ead55c7e559dd4dee8856e3a88b41225abfe1ce8df57b7c13915fe121ffb8", size = 85321 }
wheels = [
    { url = "https://files.pythonhosted.org/packages/26/9f/ad63fc0248c5379346306f8668cda6e2e2e9c95e01216d2b8ffd9ff037d0/typing_extensions-4.12.2-py3-none-any.whl", hash = "sha256:04e5ca0351e0f3f85c6853954072df659d0d13fac324d0072316b67d7794700d", size = 37438 },
]

[[package]]
name = "webrtc-proxy"
version = "0.0.1"
source = { editable = "." }
dependencies = [
    { name = "grpcio" },
    { name = "numpy" },
    { name = "protobuf" },
    { name = "pycairo" },
    { name = "pygobject" },
]

[package.dev-dependencies]
dev = [
    { name = "mypy" },
    { name = "types-protobuf" },
]

[package.metadata]
requires-dist = [
    { name = "grpcio", specifier = ">=1.70.0" },
    { name = "numpy" },
    { name = "protobuf", specifier = "~=5.29.3" },
    { name = "pycairo", specifier = "~=1.27.0" },
    { name = "pygobject", specifier = "~=3.50.0" },
]

[package.metadata.requires-dev]
dev = [
    { name = "mypy", specifier = ">=1.15.0" },
    { name = "types-protobuf", specifier = ">=5.29.1.20250208" },
]
